
Microsoft Visual Studio Solution File, Format Version 12.00
# Visual Studio Version 16
VisualStudioVersion = 16.0.30907.101
MinimumVisualStudioVersion = 10.0.40219.1
Project("{8BC9CEB8-8B4A-11D0-8D11-00A0C91BC942}") = "arry", "arry\arry.vcxproj", "{8DCD6EC0-A121-4281-91F5-E7ABD01340D2}"
EndProject
Global
	GlobalSection(SolutionConfigurationPlatforms) = preSolution
		Debug|x64 = Debug|x64
		Debug|x86 = Debug|x86
		Release|x64 = Release|x64
		Release|x86 = Release|x86
	EndGlobalSection
	GlobalSection(ProjectConfigurationPlatforms) = postSolution
		{8DCD6EC0-A121-4281-91F5-E7ABD01340D2}.Debug|x64.ActiveCfg = Debug|x64
		{8DCD6EC0-A121-4281-91F5-E7ABD01340D2}.Debug|x64.Build.0 = Debug|x64
		{8DCD6EC0-A121-4281-91F5-E7ABD01340D2}.Debug|x86.ActiveCfg = Debug|Win32
		{8DCD6EC0-A121-4281-91F5-E7ABD01340D2}.Debug|x86.Build.0 = Debug|Win32
		{8DCD6EC0-A121-4281-91F5-E7ABD01340D2}.Release|x64.ActiveCfg = Release|x64
		{8DCD6EC0-A121-4281-91F5-E7ABD01340D2}.Release|x64.Build.0 = Release|x64
		{8DCD6EC0-A121-4281-91F5-E7ABD01340D2}.Release|x86.ActiveCfg = Release|Win32
		{8DCD6EC0-A121-4281-91F5-E7ABD01340D2}.Release|x86.Build.0 = Release|Win32
	EndGlobalSection
	GlobalSection(SolutionProperties) = preSolution
		HideSolutionNode = FALSE
	EndGlobalSection
	GlobalSection(ExtensibilityGlobals) = postSolution
		SolutionGuid = {423FC6B2-930E-4A80-AB7D-DF5637742128}
	EndGlobalSection
EndGlobal
